<?xml version="1.0" encoding="utf-8"?>
<Project ToolsVersion="4.0" xmlns="http://schemas.microsoft.com/developer/msbuild/2003">
  <ItemGroup>
    <Filter Include="ソース ファイル">
      <UniqueIdentifier>{4FC737F1-C7A5-4376-A066-2A32D752A2FF}</UniqueIdentifier>
      <Extensions>cpp;c;cc;cxx;c++;cppm;ixx;def;odl;idl;hpj;bat;asm;asmx</Extensions>
    </Filter>
    <Filter Include="ヘッダー ファイル">
      <UniqueIdentifier>{93995380-89BD-4b04-88EB-625FBE52EBFB}</UniqueIdentifier>
      <Extensions>h;hh;hpp;hxx;h++;hm;inl;inc;ipp;xsd</Extensions>
    </Filter>
    <Filter Include="リソース ファイル">
      <UniqueIdentifier>{67DA6AB6-F800-4c08-8B7A-83BB121AAD01}</UniqueIdentifier>
      <Extensions>rc;ico;cur;bmp;dlg;rc2;rct;bin;rgs;gif;jpg;jpeg;jpe;resx;tiff;tif;png;wav;mfcribbon-ms</Extensions>
    </Filter>
    <Filter Include="ソース ファイル\assetpipeline">
      <UniqueIdentifier>{ab513f0c-70d7-44a9-9c36-8cd2736ed1e2}</UniqueIdentifier>
    </Filter>
    <Filter Include="ヘッダー ファイル\assetpipeline">
      <UniqueIdentifier>{c6d698a9-6197-4119-8324-3a2e09b1dab1}</UniqueIdentifier>
    </Filter>
    <Filter Include="ソース ファイル\assetpipeline\scanner">
      <UniqueIdentifier>{bf46e70a-b227-4123-942d-1ddb5f221ba4}</UniqueIdentifier>
    </Filter>
    <Filter Include="ソース ファイル\assetpipeline\manifest">
      <UniqueIdentifier>{f8093c4e-8a8b-4053-81b6-456dde4ec59f}</UniqueIdentifier>
    </Filter>
    <Filter Include="ソース ファイル\assetpipeline\asset">
      <UniqueIdentifier>{f224fb27-254a-4e87-b65d-cec7734e83e0}</UniqueIdentifier>
    </Filter>
    <Filter Include="ヘッダー ファイル\assetpipeline\scanner">
      <UniqueIdentifier>{2106b343-ba4c-4bbc-a346-80201e31001e}</UniqueIdentifier>
    </Filter>
    <Filter Include="ヘッダー ファイル\assetpipeline\manifest">
      <UniqueIdentifier>{17ee8d3f-5c90-453f-a5cc-15a6c833c902}</UniqueIdentifier>
    </Filter>
    <Filter Include="ヘッダー ファイル\assetpipeline\asset">
      <UniqueIdentifier>{7496f9db-4e5f-4cce-85da-667f6d9003d2}</UniqueIdentifier>
    </Filter>
  </ItemGroup>
  <ItemGroup>
    <ClCompile Include="main.cpp">
      <Filter>ソース ファイル</Filter>
    </ClCompile>
    <ClCompile Include="engine\assetpipeline\AssetPipeline.cpp">
      <Filter>ソース ファイル\assetpipeline</Filter>
    </ClCompile>
    <ClCompile Include="engine\assetpipeline\scanner\ResourceScanner.cpp">
      <Filter>ソース ファイル\assetpipeline\scanner</Filter>
    </ClCompile>
    <ClCompile Include="engine\assetpipeline\manifest\JsonExporter.cpp">
      <Filter>ソース ファイル\assetpipeline\manifest</Filter>
    </ClCompile>
  </ItemGroup>
  <ItemGroup>
    <ClInclude Include="engine\assetpipeline\AssetPipeline.h">
      <Filter>ヘッダー ファイル\assetpipeline</Filter>
    </ClInclude>
    <ClInclude Include="engine\assetpipeline\scanner\ResourceScanner.h">
      <Filter>ヘッダー ファイル\assetpipeline\scanner</Filter>
    </ClInclude>
    <ClInclude Include="engine\assetpipeline\asset\FileInfo.h">
      <Filter>ヘッダー ファイル\assetpipeline\asset</Filter>
    </ClInclude>
    <ClInclude Include="engine\assetpipeline\manifest\JsonExporter.h">
      <Filter>ヘッダー ファイル\assetpipeline\manifest</Filter>
    </ClInclude>
  </ItemGroup>
</Project>