<?xml version="1.0" encoding="utf-8"?>
<Project ToolsVersion="4.0" xmlns="http://schemas.microsoft.com/developer/msbuild/2003">
  <ItemGroup>
    <Filter Include="ソース ファイル">
      <UniqueIdentifier>{4FC737F1-C7A5-4376-A066-2A32D752A2FF}</UniqueIdentifier>
      <Extensions>cpp;c;cc;cxx;c++;cppm;ixx;def;odl;idl;hpj;bat;asm;asmx</Extensions>
    </Filter>
    <Filter Include="ヘッダー ファイル">
      <UniqueIdentifier>{93995380-89BD-4b04-88EB-625FBE52EBFB}</UniqueIdentifier>
      <Extensions>h;hh;hpp;hxx;h++;hm;inl;inc;ipp;xsd</Extensions>
    </Filter>
    <Filter Include="リソース ファイル">
      <UniqueIdentifier>{67DA6AB6-F800-4c08-8B7A-83BB121AAD01}</UniqueIdentifier>
      <Extensions>rc;ico;cur;bmp;dlg;rc2;rct;bin;rgs;gif;jpg;jpeg;jpe;resx;tiff;tif;png;wav;mfcribbon-ms</Extensions>
    </Filter>
    <Filter Include="ソース ファイル\engine">
      <UniqueIdentifier>{e5bb12bd-eb6c-4539-8614-50e10be7f71c}</UniqueIdentifier>
    </Filter>
    <Filter Include="ソース ファイル\engine\2d">
      <UniqueIdentifier>{87dbf081-2f7b-4eab-8c81-08ea214b5ba0}</UniqueIdentifier>
    </Filter>
    <Filter Include="ソース ファイル\engine\3d">
      <UniqueIdentifier>{e4f54486-87d7-4c08-acbf-10af73162a20}</UniqueIdentifier>
    </Filter>
    <Filter Include="ソース ファイル\engine\audio">
      <UniqueIdentifier>{c5faab06-77d5-44a2-a700-36b635bf587a}</UniqueIdentifier>
    </Filter>
    <Filter Include="ソース ファイル\engine\io">
      <UniqueIdentifier>{849c0a72-3185-4493-85f4-cbfc3ab982a5}</UniqueIdentifier>
    </Filter>
    <Filter Include="ソース ファイル\engine\math">
      <UniqueIdentifier>{148871ea-cfec-4a44-ad07-e82a90916544}</UniqueIdentifier>
    </Filter>
    <Filter Include="ソース ファイル\engine\scene">
      <UniqueIdentifier>{d700f57f-629f-4663-b0c5-9fed45d48a34}</UniqueIdentifier>
    </Filter>
    <Filter Include="ソース ファイル\engine\base">
      <UniqueIdentifier>{184d90e8-56f6-4da2-a158-9577d0e8c868}</UniqueIdentifier>
    </Filter>
    <Filter Include="ヘッダー ファイル\engine">
      <UniqueIdentifier>{737dfbbb-a9b0-492a-8809-350bd6bd331b}</UniqueIdentifier>
    </Filter>
    <Filter Include="ヘッダー ファイル\engine\2d">
      <UniqueIdentifier>{2eee3025-5ed7-4f2f-a553-663f32452e5e}</UniqueIdentifier>
    </Filter>
    <Filter Include="ヘッダー ファイル\engine\3d">
      <UniqueIdentifier>{f57245cc-06c0-4856-9025-f7310549b45f}</UniqueIdentifier>
    </Filter>
    <Filter Include="ヘッダー ファイル\engine\audio">
      <UniqueIdentifier>{db8600b6-b9d4-46b5-ba34-247bbbbfc1c0}</UniqueIdentifier>
    </Filter>
    <Filter Include="ヘッダー ファイル\engine\io">
      <UniqueIdentifier>{f1c4ee9f-6e8e-430d-a0ca-7a684e31282c}</UniqueIdentifier>
    </Filter>
    <Filter Include="ヘッダー ファイル\engine\base">
      <UniqueIdentifier>{4fdfa224-e6d7-4d32-a12f-d6becbb084ad}</UniqueIdentifier>
    </Filter>
    <Filter Include="ヘッダー ファイル\engine\scene">
      <UniqueIdentifier>{960523b3-dc50-4e8f-86ea-9fcec9aaa013}</UniqueIdentifier>
    </Filter>
    <Filter Include="ヘッダー ファイル\engine\math">
      <UniqueIdentifier>{28340a47-7d72-4339-9ddf-7feeea023b28}</UniqueIdentifier>
    </Filter>
    <Filter Include="ソース ファイル\application">
      <UniqueIdentifier>{e2eeeae6-7bff-48ec-904c-1bb0da6123a8}</UniqueIdentifier>
    </Filter>
    <Filter Include="ヘッダー ファイル\application">
      <UniqueIdentifier>{8879c179-8943-4fc5-a19e-f0b38a474781}</UniqueIdentifier>
    </Filter>
    <Filter Include="ソース ファイル\engine\3d\Particle">
      <UniqueIdentifier>{f11d837f-785c-46f4-8d38-d2db12fb12e4}</UniqueIdentifier>
    </Filter>
    <Filter Include="ヘッダー ファイル\engine\3d\Particle">
      <UniqueIdentifier>{6a681e0b-b31b-47fd-bd3d-6861765745c8}</UniqueIdentifier>
    </Filter>
    <Filter Include="リソース ファイル\shaders">
      <UniqueIdentifier>{0de7fefb-2e6d-4ca7-b098-464774bb7c1b}</UniqueIdentifier>
    </Filter>
    <Filter Include="ソース ファイル\application\scene">
      <UniqueIdentifier>{792431d0-54be-4105-831e-7121fc68efe6}</UniqueIdentifier>
    </Filter>
    <Filter Include="ヘッダー ファイル\application\scene">
      <UniqueIdentifier>{274efcee-0964-497f-a839-b32ab88eb2cf}</UniqueIdentifier>
    </Filter>
    <Filter Include="ヘッダー ファイル\engine\camera">
      <UniqueIdentifier>{3b2bd65f-cf04-450a-8757-252635abbb16}</UniqueIdentifier>
    </Filter>
    <Filter Include="ソース ファイル\engine\camera">
      <UniqueIdentifier>{059690a8-734e-4cad-a2bb-9a414ca8fc96}</UniqueIdentifier>
    </Filter>
    <Filter Include="リソース ファイル\shaders\Fullscreen">
      <UniqueIdentifier>{419fc8b7-8d78-408b-87aa-4f00c7411722}</UniqueIdentifier>
    </Filter>
    <Filter Include="リソース ファイル\shaders\Object3d">
      <UniqueIdentifier>{967d8d1a-e665-4339-a427-69f3677d040b}</UniqueIdentifier>
    </Filter>
    <Filter Include="リソース ファイル\shaders\Particle">
      <UniqueIdentifier>{da9a8be8-8b79-44d5-ad2e-bb1e3b8a95bf}</UniqueIdentifier>
    </Filter>
    <Filter Include="リソース ファイル\shaders\Skybox">
      <UniqueIdentifier>{58e09b7b-5b5a-4eae-8de9-218cb52b007a}</UniqueIdentifier>
    </Filter>
    <Filter Include="リソース ファイル\shaders\Sprite">
      <UniqueIdentifier>{f7712655-1155-484d-8058-4ee95a16f0af}</UniqueIdentifier>
    </Filter>
    <Filter Include="ソース ファイル\engine\base\ViewManager">
      <UniqueIdentifier>{bdba6ee3-ac54-4ce6-bbdd-7970e376e45a}</UniqueIdentifier>
    </Filter>
    <Filter Include="ソース ファイル\engine\base\Utility">
      <UniqueIdentifier>{8e33345e-5a44-4927-a1ae-28fa0b2998a3}</UniqueIdentifier>
    </Filter>
    <Filter Include="ソース ファイル\engine\base\DirectXCommon">
      <UniqueIdentifier>{941116ce-1a37-4eda-b488-cde40d6909f7}</UniqueIdentifier>
    </Filter>
    <Filter Include="ソース ファイル\engine\resource">
      <UniqueIdentifier>{aa126d1c-d076-4dc5-9995-7d217c2d8e3a}</UniqueIdentifier>
    </Filter>
    <Filter Include="ヘッダー ファイル\engine\base\Utility">
      <UniqueIdentifier>{959b4794-2a7c-4e7d-9f24-be5df888e02f}</UniqueIdentifier>
    </Filter>
    <Filter Include="ヘッダー ファイル\engine\base\ViewManager">
      <UniqueIdentifier>{c3078c87-a168-474e-90ed-134b67d9c0df}</UniqueIdentifier>
    </Filter>
    <Filter Include="ヘッダー ファイル\engine\base\DirectXCommon">
      <UniqueIdentifier>{8c15bfd4-5c05-46ae-9dc2-b16cb2ea4795}</UniqueIdentifier>
    </Filter>
    <Filter Include="ヘッダー ファイル\engine\resource">
      <UniqueIdentifier>{75b8f15d-9509-4d2a-9929-73b792609711}</UniqueIdentifier>
    </Filter>
    <Filter Include="ヘッダー ファイル\engine\math\Light">
      <UniqueIdentifier>{72c878a0-46ae-46b1-850c-b98866920993}</UniqueIdentifier>
    </Filter>
    <Filter Include="ヘッダー ファイル\engine\math\Matrix">
      <UniqueIdentifier>{8fae8f0b-6440-44fa-ae95-9916e7827649}</UniqueIdentifier>
    </Filter>
    <Filter Include="ヘッダー ファイル\engine\math\Model">
      <UniqueIdentifier>{debaee5f-585e-40d7-9014-0afc1300cc73}</UniqueIdentifier>
    </Filter>
    <Filter Include="ヘッダー ファイル\engine\math\Vector">
      <UniqueIdentifier>{e13f2e36-4292-41c9-b7c0-9808517079de}</UniqueIdentifier>
    </Filter>
    <Filter Include="ヘッダー ファイル\application\character">
      <UniqueIdentifier>{88d1f61c-35e7-4b87-8d52-a0fe6ed451ec}</UniqueIdentifier>
    </Filter>
    <Filter Include="ヘッダー ファイル\application\player">
      <UniqueIdentifier>{2a7546ab-cebe-44d3-a852-a35e4e04e782}</UniqueIdentifier>
    </Filter>
    <Filter Include="ソース ファイル\application\player">
      <UniqueIdentifier>{a7eab18e-630a-472c-afe5-35bace2ee948}</UniqueIdentifier>
    </Filter>
    <Filter Include="ソース ファイル\application\character">
      <UniqueIdentifier>{2a9f0528-9f22-4368-a9d5-57d0c9e90e83}</UniqueIdentifier>
    </Filter>
    <Filter Include="ソース ファイル\application\loader">
      <UniqueIdentifier>{737ec024-93f3-4b94-94b0-39ecb63a733d}</UniqueIdentifier>
    </Filter>
    <Filter Include="ヘッダー ファイル\application\loader">
      <UniqueIdentifier>{4fd94a91-62be-4991-98c1-9fe49ec67cec}</UniqueIdentifier>
    </Filter>
    <Filter Include="ソース ファイル\application\camera">
      <UniqueIdentifier>{2c45c29c-d0c3-4ba3-83cc-fde300d51295}</UniqueIdentifier>
    </Filter>
    <Filter Include="ヘッダー ファイル\application\camera">
      <UniqueIdentifier>{225bec48-4135-4122-8a6e-3b5d8149494c}</UniqueIdentifier>
    </Filter>
    <Filter Include="ソース ファイル\application\bullet">
      <UniqueIdentifier>{43779993-e4ed-4cb3-86e8-2e2a8fc165da}</UniqueIdentifier>
    </Filter>
    <Filter Include="ヘッダー ファイル\application\bullet">
      <UniqueIdentifier>{91330ba0-b2ca-4345-9fa7-f3775f10d4e6}</UniqueIdentifier>
    </Filter>
    <Filter Include="ソース ファイル\application\enemy">
      <UniqueIdentifier>{4b99df62-1041-4fee-a5fd-1decbabccbe3}</UniqueIdentifier>
    </Filter>
    <Filter Include="ヘッダー ファイル\application\enemy">
      <UniqueIdentifier>{8ca6f24a-1c20-4541-8f80-30ba17e68e7f}</UniqueIdentifier>
    </Filter>
    <Filter Include="ソース ファイル\application\fade">
      <UniqueIdentifier>{6de3d2ff-57ef-4f70-81ac-7a699de0dd44}</UniqueIdentifier>
    </Filter>
    <Filter Include="ヘッダー ファイル\application\fade">
      <UniqueIdentifier>{fca0a5c4-0cca-4f32-9665-08aef2b11991}</UniqueIdentifier>
    </Filter>
  </ItemGroup>
  <ItemGroup>
    <ClCompile Include="main.cpp">
      <Filter>ソース ファイル</Filter>
    </ClCompile>
    <ClCompile Include="engine\2d\Sprite.cpp">
      <Filter>ソース ファイル\engine\2d</Filter>
    </ClCompile>
    <ClCompile Include="engine\2d\SpriteCommon.cpp">
      <Filter>ソース ファイル\engine\2d</Filter>
    </ClCompile>
    <ClCompile Include="engine\io\Input.cpp">
      <Filter>ソース ファイル\engine\io</Filter>
    </ClCompile>
    <ClCompile Include="engine\base\WinApp.cpp">
      <Filter>ソース ファイル\engine\base</Filter>
    </ClCompile>
    <ClCompile Include="engine\math\MatrixVector.cpp">
      <Filter>ソース ファイル\engine\math</Filter>
    </ClCompile>
    <ClCompile Include="engine\3d\Object3d.cpp">
      <Filter>ソース ファイル\engine\3d</Filter>
    </ClCompile>
    <ClCompile Include="engine\3d\Object3dCommon.cpp">
      <Filter>ソース ファイル\engine\3d</Filter>
    </ClCompile>
    <ClCompile Include="engine\3d\ModelCommon.cpp">
      <Filter>ソース ファイル\engine\3d</Filter>
    </ClCompile>
    <ClCompile Include="engine\3d\Model.cpp">
      <Filter>ソース ファイル\engine\3d</Filter>
    </ClCompile>
    <ClCompile Include="engine\base\ImGuiManager.cpp">
      <Filter>ソース ファイル\engine\base</Filter>
    </ClCompile>
    <ClCompile Include="engine\audio\SoundLoader.cpp">
      <Filter>ソース ファイル\engine\audio</Filter>
    </ClCompile>
    <ClCompile Include="engine\audio\SoundPlayer.cpp">
      <Filter>ソース ファイル\engine\audio</Filter>
    </ClCompile>
    <ClCompile Include="engine\scene\MyGame.cpp">
      <Filter>ソース ファイル\engine\scene</Filter>
    </ClCompile>
    <ClCompile Include="engine\base\Framework.cpp">
      <Filter>ソース ファイル\engine\base</Filter>
    </ClCompile>
    <ClCompile Include="engine\scene\BaseScene.cpp">
      <Filter>ソース ファイル\engine\scene</Filter>
    </ClCompile>
    <ClCompile Include="engine\scene\SceneManager.cpp">
      <Filter>ソース ファイル\engine\scene</Filter>
    </ClCompile>
    <ClCompile Include="engine\scene\SceneFactory.cpp">
      <Filter>ソース ファイル\engine\scene</Filter>
    </ClCompile>
    <ClCompile Include="engine\3d\Particle\ParticleCommon.cpp">
      <Filter>ソース ファイル\engine\3d\Particle</Filter>
    </ClCompile>
    <ClCompile Include="engine\3d\Particle\ParticleEmitter.cpp">
      <Filter>ソース ファイル\engine\3d\Particle</Filter>
    </ClCompile>
    <ClCompile Include="engine\3d\Particle\ParticleManager.cpp">
      <Filter>ソース ファイル\engine\3d\Particle</Filter>
    </ClCompile>
    <ClCompile Include="engine\3d\Particle\ParticleModel.cpp">
      <Filter>ソース ファイル\engine\3d\Particle</Filter>
    </ClCompile>
    <ClCompile Include="engine\math\PrimitiveGenerator.cpp">
      <Filter>ソース ファイル\engine\math</Filter>
    </ClCompile>
    <ClCompile Include="application\scene\GamePlayScene.cpp">
      <Filter>ソース ファイル\application\scene</Filter>
    </ClCompile>
    <ClCompile Include="application\scene\TitleScene.cpp">
      <Filter>ソース ファイル\application\scene</Filter>
    </ClCompile>
    <ClCompile Include="engine\camera\CameraManager.cpp">
      <Filter>ソース ファイル\engine\camera</Filter>
    </ClCompile>
    <ClCompile Include="engine\camera\Camera.cpp">
      <Filter>ソース ファイル\engine\camera</Filter>
    </ClCompile>
    <ClCompile Include="engine\base\CopylmageCommon.cpp">
      <Filter>ソース ファイル\engine\base</Filter>
    </ClCompile>
    <ClCompile Include="application\scene\GameClearScene.cpp">
      <Filter>ソース ファイル\application\scene</Filter>
    </ClCompile>
    <ClCompile Include="engine\3d\SkyboxCommon.cpp">
      <Filter>ソース ファイル\engine\3d</Filter>
    </ClCompile>
    <ClCompile Include="engine\3d\Skybox.cpp">
      <Filter>ソース ファイル\engine\3d</Filter>
    </ClCompile>
    <ClCompile Include="engine\base\ViewManager\DsvManager.cpp">
      <Filter>ソース ファイル\engine\base\ViewManager</Filter>
    </ClCompile>
    <ClCompile Include="engine\base\ViewManager\RtvManager.cpp">
      <Filter>ソース ファイル\engine\base\ViewManager</Filter>
    </ClCompile>
    <ClCompile Include="engine\base\ViewManager\SrvManager.cpp">
      <Filter>ソース ファイル\engine\base\ViewManager</Filter>
    </ClCompile>
    <ClCompile Include="engine\base\Utility\Logger.cpp">
      <Filter>ソース ファイル\engine\base\Utility</Filter>
    </ClCompile>
    <ClCompile Include="engine\base\Utility\StringUtility.cpp">
      <Filter>ソース ファイル\engine\base\Utility</Filter>
    </ClCompile>
    <ClCompile Include="engine\base\DirectXCommon\FPSController.cpp">
      <Filter>ソース ファイル\engine\base\DirectXCommon</Filter>
    </ClCompile>
    <ClCompile Include="engine\base\DirectXCommon\DirectXCommon.cpp">
      <Filter>ソース ファイル\engine\base\DirectXCommon</Filter>
    </ClCompile>
    <ClCompile Include="engine\base\DirectXCommon\FenceManager.cpp">
      <Filter>ソース ファイル\engine\base\DirectXCommon</Filter>
    </ClCompile>
    <ClCompile Include="engine\base\DirectXCommon\ShaderCompiler.cpp">
      <Filter>ソース ファイル\engine\base\DirectXCommon</Filter>
    </ClCompile>
    <ClCompile Include="engine\base\DirectXCommon\DescriptorUtils.cpp">
      <Filter>ソース ファイル\engine\base\DirectXCommon</Filter>
    </ClCompile>
    <ClCompile Include="engine\base\DirectXCommon\ViewportManager.cpp">
      <Filter>ソース ファイル\engine\base\DirectXCommon</Filter>
    </ClCompile>
    <ClCompile Include="engine\base\DirectXCommon\SwapChainManager.cpp">
      <Filter>ソース ファイル\engine\base\DirectXCommon</Filter>
    </ClCompile>
    <ClCompile Include="engine\resource\TextureManager.cpp">
      <Filter>ソース ファイル\engine\resource</Filter>
    </ClCompile>
    <ClCompile Include="engine\resource\ResourceFactory.cpp">
      <Filter>ソース ファイル\engine\resource</Filter>
    </ClCompile>
    <ClCompile Include="engine\resource\ModelManager.cpp">
      <Filter>ソース ファイル\engine\resource</Filter>
    </ClCompile>
    <ClCompile Include="engine\resource\D3DResourceLeakChecker.cpp">
      <Filter>ソース ファイル\engine\resource</Filter>
    </ClCompile>
    <ClCompile Include="engine\io\Controller.cpp">
      <Filter>ソース ファイル\engine\io</Filter>
    </ClCompile>
    <ClCompile Include="application\player\Player.cpp">
      <Filter>ソース ファイル\application\player</Filter>
    </ClCompile>
    <ClCompile Include="application\loader\CurveJsonLoader.cpp">
      <Filter>ソース ファイル\application\loader</Filter>
    </ClCompile>
    <ClCompile Include="application\camera\GameCamera.cpp">
      <Filter>ソース ファイル\application\camera</Filter>
    </ClCompile>
    <ClCompile Include="application\loader\CharacterLoader.cpp">
      <Filter>ソース ファイル\application\loader</Filter>
    </ClCompile>
    <ClCompile Include="application\bullet\BulletManager.cpp">
      <Filter>ソース ファイル\application\bullet</Filter>
    </ClCompile>
    <ClCompile Include="application\bullet\PlayerBullet.cpp">
      <Filter>ソース ファイル\application\bullet</Filter>
    </ClCompile>
    <ClCompile Include="application\enemy\Enemy.cpp">
      <Filter>ソース ファイル\application\enemy</Filter>
    </ClCompile>
    <ClCompile Include="application\bullet\EnemyBullet.cpp">
      <Filter>ソース ファイル\application\bullet</Filter>
    </ClCompile>
    <ClCompile Include="application\scene\GameOverScene.cpp">
      <Filter>ソース ファイル\application\scene</Filter>
    </ClCompile>
    <ClCompile Include="application\character\CharacterManager.cpp">
      <Filter>ソース ファイル\application\character</Filter>
    </ClCompile>
    <ClCompile Include="FadeManager.cpp">
      <Filter>ソース ファイル\application\fade</Filter>
    </ClCompile>
  </ItemGroup>
  <ItemGroup>
    <ClInclude Include="engine\2d\Sprite.h">
      <Filter>ヘッダー ファイル\engine\2d</Filter>
    </ClInclude>
    <ClInclude Include="engine\2d\SpriteCommon.h">
      <Filter>ヘッダー ファイル\engine\2d</Filter>
    </ClInclude>
    <ClInclude Include="engine\io\Input.h">
      <Filter>ヘッダー ファイル\engine\io</Filter>
    </ClInclude>
    <ClInclude Include="engine\math\MatrixVector.h">
      <Filter>ヘッダー ファイル\engine\math</Filter>
    </ClInclude>
    <ClInclude Include="engine\base\WinApp.h">
      <Filter>ヘッダー ファイル\engine\base</Filter>
    </ClInclude>
    <ClInclude Include="engine\3d\Object3d.h">
      <Filter>ヘッダー ファイル\engine\3d</Filter>
    </ClInclude>
    <ClInclude Include="engine\3d\Object3dCommon.h">
      <Filter>ヘッダー ファイル\engine\3d</Filter>
    </ClInclude>
    <ClInclude Include="engine\3d\Model.h">
      <Filter>ヘッダー ファイル\engine\3d</Filter>
    </ClInclude>
    <ClInclude Include="engine\3d\ModelCommon.h">
      <Filter>ヘッダー ファイル\engine\3d</Filter>
    </ClInclude>
    <ClInclude Include="engine\base\ImGuiManager.h">
      <Filter>ヘッダー ファイル\engine\base</Filter>
    </ClInclude>
    <ClInclude Include="engine\audio\SoundLoader.h">
      <Filter>ヘッダー ファイル\engine\audio</Filter>
    </ClInclude>
    <ClInclude Include="engine\audio\SoundPlayer.h">
      <Filter>ヘッダー ファイル\engine\audio</Filter>
    </ClInclude>
    <ClInclude Include="engine\scene\MyGame.h">
      <Filter>ヘッダー ファイル\engine\scene</Filter>
    </ClInclude>
    <ClInclude Include="engine\base\Framework.h">
      <Filter>ヘッダー ファイル\engine\base</Filter>
    </ClInclude>
    <ClInclude Include="engine\scene\BaseScene.h">
      <Filter>ヘッダー ファイル\engine\scene</Filter>
    </ClInclude>
    <ClInclude Include="engine\scene\SceneManager.h">
      <Filter>ヘッダー ファイル\engine\scene</Filter>
    </ClInclude>
    <ClInclude Include="engine\scene\SceneFactory.h">
      <Filter>ヘッダー ファイル\engine\scene</Filter>
    </ClInclude>
    <ClInclude Include="engine\scene\AbstractSceneFactory.h">
      <Filter>ヘッダー ファイル\engine\scene</Filter>
    </ClInclude>
    <ClInclude Include="engine\3d\Particle\ParticleCommon.h">
      <Filter>ヘッダー ファイル\engine\3d\Particle</Filter>
    </ClInclude>
    <ClInclude Include="engine\3d\Particle\ParticleEmitter.h">
      <Filter>ヘッダー ファイル\engine\3d\Particle</Filter>
    </ClInclude>
    <ClInclude Include="engine\3d\Particle\ParticleManager.h">
      <Filter>ヘッダー ファイル\engine\3d\Particle</Filter>
    </ClInclude>
    <ClInclude Include="engine\3d\Particle\ParticleModel.h">
      <Filter>ヘッダー ファイル\engine\3d\Particle</Filter>
    </ClInclude>
    <ClInclude Include="engine\math\PrimitiveGenerator.h">
      <Filter>ヘッダー ファイル\engine\math</Filter>
    </ClInclude>
    <ClInclude Include="application\scene\GamePlayScene.h">
      <Filter>ヘッダー ファイル\application\scene</Filter>
    </ClInclude>
    <ClInclude Include="application\scene\TitleScene.h">
      <Filter>ヘッダー ファイル\application\scene</Filter>
    </ClInclude>
    <ClInclude Include="engine\camera\Camera.h">
      <Filter>ヘッダー ファイル\engine\camera</Filter>
    </ClInclude>
    <ClInclude Include="engine\camera\CameraManager.h">
      <Filter>ヘッダー ファイル\engine\camera</Filter>
    </ClInclude>
    <ClInclude Include="engine\io\Controller.h">
      <Filter>ヘッダー ファイル\engine\io</Filter>
    </ClInclude>
    <ClInclude Include="application\scene\GameClearScene.h">
      <Filter>ヘッダー ファイル\application\scene</Filter>
    </ClInclude>
    <ClInclude Include="engine\3d\Skybox.h">
      <Filter>ヘッダー ファイル\engine\3d</Filter>
    </ClInclude>
    <ClInclude Include="engine\3d\SkyboxCommon.h">
      <Filter>ヘッダー ファイル\engine\3d</Filter>
    </ClInclude>
    <ClInclude Include="engine\base\CopylmageCommon.h">
      <Filter>ヘッダー ファイル\engine\base</Filter>
    </ClInclude>
    <ClInclude Include="engine\base\DirectXCommon\DirectXCommon.h">
      <Filter>ヘッダー ファイル\engine\base\DirectXCommon</Filter>
    </ClInclude>
    <ClInclude Include="engine\base\DirectXCommon\DescriptorUtils.h">
      <Filter>ヘッダー ファイル\engine\base\DirectXCommon</Filter>
    </ClInclude>
    <ClInclude Include="engine\base\ViewManager\DsvManager.h">
      <Filter>ヘッダー ファイル\engine\base\ViewManager</Filter>
    </ClInclude>
    <ClInclude Include="engine\base\DirectXCommon\FPSController.h">
      <Filter>ヘッダー ファイル\engine\base\DirectXCommon</Filter>
    </ClInclude>
    <ClInclude Include="engine\base\DirectXCommon\FenceManager.h">
      <Filter>ヘッダー ファイル\engine\base\DirectXCommon</Filter>
    </ClInclude>
    <ClInclude Include="engine\base\ViewManager\RtvManager.h">
      <Filter>ヘッダー ファイル\engine\base\ViewManager</Filter>
    </ClInclude>
    <ClInclude Include="engine\base\ViewManager\SrvManager.h">
      <Filter>ヘッダー ファイル\engine\base\ViewManager</Filter>
    </ClInclude>
    <ClInclude Include="engine\base\DirectXCommon\ViewportManager.h">
      <Filter>ヘッダー ファイル\engine\base\DirectXCommon</Filter>
    </ClInclude>
    <ClInclude Include="engine\base\DirectXCommon\SwapChainManager.h">
      <Filter>ヘッダー ファイル\engine\base\DirectXCommon</Filter>
    </ClInclude>
    <ClInclude Include="engine\base\Utility\StringUtility.h">
      <Filter>ヘッダー ファイル\engine\base\Utility</Filter>
    </ClInclude>
    <ClInclude Include="engine\base\Utility\Logger.h">
      <Filter>ヘッダー ファイル\engine\base\Utility</Filter>
    </ClInclude>
    <ClInclude Include="engine\resource\D3DResourceLeakChecker.h">
      <Filter>ヘッダー ファイル\engine\resource</Filter>
    </ClInclude>
    <ClInclude Include="engine\resource\ResourceFactory.h">
      <Filter>ヘッダー ファイル\engine\resource</Filter>
    </ClInclude>
    <ClInclude Include="engine\resource\ResourceObject.h">
      <Filter>ヘッダー ファイル\engine\resource</Filter>
    </ClInclude>
    <ClInclude Include="engine\resource\TextureManager.h">
      <Filter>ヘッダー ファイル\engine\resource</Filter>
    </ClInclude>
    <ClInclude Include="engine\resource\ModelManager.h">
      <Filter>ヘッダー ファイル\engine\resource</Filter>
    </ClInclude>
    <ClInclude Include="engine\math\Light\DirectionalLight.h">
      <Filter>ヘッダー ファイル\engine\math\Light</Filter>
    </ClInclude>
    <ClInclude Include="engine\math\Light\PointLight.h">
      <Filter>ヘッダー ファイル\engine\math\Light</Filter>
    </ClInclude>
    <ClInclude Include="engine\math\Light\SpotLight.h">
      <Filter>ヘッダー ファイル\engine\math\Light</Filter>
    </ClInclude>
    <ClInclude Include="engine\base\DirectXCommon\ShaderCompiler.h">
      <Filter>ヘッダー ファイル\engine\base\DirectXCommon</Filter>
    </ClInclude>
    <ClInclude Include="engine\math\Matrix\Matrix4x4.h">
      <Filter>ヘッダー ファイル\engine\math\Matrix</Filter>
    </ClInclude>
    <ClInclude Include="engine\math\Matrix\Matrix3x3.h">
      <Filter>ヘッダー ファイル\engine\math\Matrix</Filter>
    </ClInclude>
    <ClInclude Include="engine\math\Matrix\TransformationMatrix.h">
      <Filter>ヘッダー ファイル\engine\math\Matrix</Filter>
    </ClInclude>
    <ClInclude Include="engine\math\Model\ModelDate.h">
      <Filter>ヘッダー ファイル\engine\math\Model</Filter>
    </ClInclude>
    <ClInclude Include="engine\math\Model\MaterialDate.h">
      <Filter>ヘッダー ファイル\engine\math\Model</Filter>
    </ClInclude>
    <ClInclude Include="engine\math\Model\Material.h">
      <Filter>ヘッダー ファイル\engine\math\Model</Filter>
    </ClInclude>
    <ClInclude Include="engine\math\Model\Vertex.h">
      <Filter>ヘッダー ファイル\engine\math\Model</Filter>
    </ClInclude>
    <ClInclude Include="engine\math\Vector\Vector4.h">
      <Filter>ヘッダー ファイル\engine\math\Vector</Filter>
    </ClInclude>
    <ClInclude Include="engine\math\Vector\Vector3.h">
      <Filter>ヘッダー ファイル\engine\math\Vector</Filter>
    </ClInclude>
    <ClInclude Include="engine\math\Vector\Vector2.h">
      <Filter>ヘッダー ファイル\engine\math\Vector</Filter>
    </ClInclude>
    <ClInclude Include="engine\math\Vector\Transform.h">
      <Filter>ヘッダー ファイル\engine\math\Vector</Filter>
    </ClInclude>
    <ClInclude Include="application\character\BaseCharacter.h">
      <Filter>ヘッダー ファイル\application\character</Filter>
    </ClInclude>
    <ClInclude Include="application\player\Player.h">
      <Filter>ヘッダー ファイル\application\player</Filter>
    </ClInclude>
    <ClInclude Include="application\loader\CurveJsonLoader.h">
      <Filter>ヘッダー ファイル\application\loader</Filter>
    </ClInclude>
    <ClInclude Include="application\camera\GameCamera.h">
      <Filter>ヘッダー ファイル\application\camera</Filter>
    </ClInclude>
    <ClInclude Include="application\loader\CharacterLoader.h">
      <Filter>ヘッダー ファイル\application\loader</Filter>
    </ClInclude>
    <ClInclude Include="application\bullet\BaseBullet.h">
      <Filter>ヘッダー ファイル\application\bullet</Filter>
    </ClInclude>
    <ClInclude Include="application\bullet\BulletManager.h">
      <Filter>ヘッダー ファイル\application\bullet</Filter>
    </ClInclude>
    <ClInclude Include="application\bullet\PlayerBullet.h">
      <Filter>ヘッダー ファイル\application\bullet</Filter>
    </ClInclude>
    <ClInclude Include="application\scene\GameOverScene.h">
      <Filter>ヘッダー ファイル\application\scene</Filter>
    </ClInclude>
    <ClInclude Include="application\character\CharacterManager.h">
      <Filter>ヘッダー ファイル\application\character</Filter>
    </ClInclude>
    <ClInclude Include="application\enemy\Enemy.h">
      <Filter>ヘッダー ファイル\application\enemy</Filter>
    </ClInclude>
    <ClInclude Include="application\bullet\EnemyBullet.h">
      <Filter>ヘッダー ファイル\application\bullet</Filter>
    </ClInclude>
    <ClInclude Include="FadeManager.h">
      <Filter>ヘッダー ファイル\application\fade</Filter>
    </ClInclude>
  </ItemGroup>
  <ItemGroup>
    <FxCompile Include="Resources\shaders\Sprite\Sprite.PS.hlsl">
      <Filter>リソース ファイル\shaders\Sprite</Filter>
    </FxCompile>
    <FxCompile Include="Resources\shaders\Sprite\Sprite.VS.hlsl">
      <Filter>リソース ファイル\shaders\Sprite</Filter>
    </FxCompile>
    <FxCompile Include="Resources\shaders\Fullscreen\BoxFilter.PS.hlsl">
      <Filter>リソース ファイル\shaders\Fullscreen</Filter>
    </FxCompile>
    <FxCompile Include="Resources\shaders\Fullscreen\Fullscreen.PS.hlsl">
      <Filter>リソース ファイル\shaders\Fullscreen</Filter>
    </FxCompile>
    <FxCompile Include="Resources\shaders\Fullscreen\Fullscreen.VS.hlsl">
      <Filter>リソース ファイル\shaders\Fullscreen</Filter>
    </FxCompile>
    <FxCompile Include="Resources\shaders\Fullscreen\GaussianFilter.PS.hlsl">
      <Filter>リソース ファイル\shaders\Fullscreen</Filter>
    </FxCompile>
    <FxCompile Include="Resources\shaders\Fullscreen\LuminancsBasedOutline.PS.hlsl">
      <Filter>リソース ファイル\shaders\Fullscreen</Filter>
    </FxCompile>
    <FxCompile Include="Resources\shaders\Fullscreen\RadialBlur.PS.hlsl">
      <Filter>リソース ファイル\shaders\Fullscreen</Filter>
    </FxCompile>
    <FxCompile Include="Resources\shaders\Fullscreen\Random.PS.hlsl">
      <Filter>リソース ファイル\shaders\Fullscreen</Filter>
    </FxCompile>
    <FxCompile Include="Resources\shaders\Fullscreen\Vignette.PS.hlsl">
      <Filter>リソース ファイル\shaders\Fullscreen</Filter>
    </FxCompile>
    <FxCompile Include="Resources\shaders\Skybox\Skybox.PS.hlsl">
      <Filter>リソース ファイル\shaders\Skybox</Filter>
    </FxCompile>
    <FxCompile Include="Resources\shaders\Skybox\Skybox.VS.hlsl">
      <Filter>リソース ファイル\shaders\Skybox</Filter>
    </FxCompile>
    <FxCompile Include="Resources\shaders\Particle\Particle.PS.hlsl">
      <Filter>リソース ファイル\shaders\Particle</Filter>
    </FxCompile>
    <FxCompile Include="Resources\shaders\Particle\Particle.VS.hlsl">
      <Filter>リソース ファイル\shaders\Particle</Filter>
    </FxCompile>
    <FxCompile Include="Resources\shaders\Object3d\Object3d.PS.hlsl">
      <Filter>リソース ファイル\shaders\Object3d</Filter>
    </FxCompile>
    <FxCompile Include="Resources\shaders\Object3d\Object3d.VS.hlsl">
      <Filter>リソース ファイル\shaders\Object3d</Filter>
    </FxCompile>
  </ItemGroup>
  <ItemGroup>
    <None Include="Resources\shaders\Sprite\Sprite.hlsli">
      <Filter>リソース ファイル\shaders\Sprite</Filter>
    </None>
    <None Include="Resources\shaders\Fullscreen\Fullscreen.hlsli">
      <Filter>リソース ファイル\shaders\Fullscreen</Filter>
    </None>
    <None Include="Resources\shaders\Skybox\Skybox.hlsli">
      <Filter>リソース ファイル\shaders\Skybox</Filter>
    </None>
    <None Include="Resources\shaders\Particle\Particle.hlsli">
      <Filter>リソース ファイル\shaders\Particle</Filter>
    </None>
    <None Include="Resources\shaders\Object3d\Object3d.hlsli">
      <Filter>リソース ファイル\shaders\Object3d</Filter>
    </None>
    <None Include="Resources\levels\bezier.json">
      <Filter>リソース ファイル</Filter>
    </None>
    <None Include="Resources\levels\untitled.json">
      <Filter>リソース ファイル</Filter>
    </None>
  </ItemGroup>
</Project>