<?xml version="1.0" encoding="utf-8"?>
<Project ToolsVersion="4.0" xmlns="http://schemas.microsoft.com/developer/msbuild/2003">
  <ItemGroup>
    <Filter Include="ソース ファイル">
      <UniqueIdentifier>{4FC737F1-C7A5-4376-A066-2A32D752A2FF}</UniqueIdentifier>
      <Extensions>cpp;c;cc;cxx;c++;cppm;ixx;def;odl;idl;hpj;bat;asm;asmx</Extensions>
    </Filter>
    <Filter Include="ヘッダー ファイル">
      <UniqueIdentifier>{93995380-89BD-4b04-88EB-625FBE52EBFB}</UniqueIdentifier>
      <Extensions>h;hh;hpp;hxx;h++;hm;inl;inc;ipp;xsd</Extensions>
    </Filter>
    <Filter Include="リソース ファイル">
      <UniqueIdentifier>{67DA6AB6-F800-4c08-8B7A-83BB121AAD01}</UniqueIdentifier>
      <Extensions>rc;ico;cur;bmp;dlg;rc2;rct;bin;rgs;gif;jpg;jpeg;jpe;resx;tiff;tif;png;wav;mfcribbon-ms</Extensions>
    </Filter>
    <Filter Include="ソース ファイル\engine">
      <UniqueIdentifier>{f4afbb83-5d94-46d0-8d05-4aeae6e3af46}</UniqueIdentifier>
    </Filter>
    <Filter Include="ソース ファイル\engine\io">
      <UniqueIdentifier>{db1f4293-d361-4953-8ec5-e17134553877}</UniqueIdentifier>
    </Filter>
    <Filter Include="ソース ファイル\engine\core">
      <UniqueIdentifier>{bc96a297-5988-4762-86c3-a53f31a8343f}</UniqueIdentifier>
    </Filter>
    <Filter Include="ソース ファイル\engine\scanner">
      <UniqueIdentifier>{4aad378d-6914-4146-bd42-579c9e1d6f1b}</UniqueIdentifier>
    </Filter>
    <Filter Include="ヘッダー ファイル\engine">
      <UniqueIdentifier>{bd23867c-de68-4f86-9d97-dac0ee007667}</UniqueIdentifier>
    </Filter>
    <Filter Include="ヘッダー ファイル\engine\scanner">
      <UniqueIdentifier>{1e01f44b-7981-4150-a3e7-646ede88a062}</UniqueIdentifier>
    </Filter>
    <Filter Include="ヘッダー ファイル\engine\io">
      <UniqueIdentifier>{a19d6110-0a27-4188-9523-736474d01bea}</UniqueIdentifier>
    </Filter>
    <Filter Include="ヘッダー ファイル\engine\core">
      <UniqueIdentifier>{622b36e6-c56a-4d82-a1d8-b456f7257377}</UniqueIdentifier>
    </Filter>
  </ItemGroup>
  <ItemGroup>
    <ClCompile Include="main.cpp">
      <Filter>ソース ファイル</Filter>
    </ClCompile>
    <ClCompile Include="engine\scanner\Scanner.cpp">
      <Filter>ソース ファイル\engine\scanner</Filter>
    </ClCompile>
    <ClCompile Include="engine\AssetGenerator.cpp">
      <Filter>ソース ファイル\engine</Filter>
    </ClCompile>
    <ClCompile Include="engine\core\ResourceMapper.cpp">
      <Filter>ソース ファイル\engine\core</Filter>
    </ClCompile>
    <ClCompile Include="engine\core\ResourceNode.cpp">
      <Filter>ソース ファイル\engine\core</Filter>
    </ClCompile>
    <ClCompile Include="engine\io\RuleLoader.cpp">
      <Filter>ソース ファイル\engine\io</Filter>
    </ClCompile>
    <ClCompile Include="engine\io\AssetInfoLoader.cpp">
      <Filter>ソース ファイル\engine\io</Filter>
    </ClCompile>
    <ClCompile Include="engine\CodeGenerator.cpp">
      <Filter>ソース ファイル\engine</Filter>
    </ClCompile>
  </ItemGroup>
  <ItemGroup>
    <ClInclude Include="engine\AssetGenerator.h">
      <Filter>ヘッダー ファイル\engine</Filter>
    </ClInclude>
    <ClInclude Include="engine\core\ResourceMapper.h">
      <Filter>ヘッダー ファイル\engine\core</Filter>
    </ClInclude>
    <ClInclude Include="engine\core\ResourceNode.h">
      <Filter>ヘッダー ファイル\engine\core</Filter>
    </ClInclude>
    <ClInclude Include="engine\io\RuleLoader.h">
      <Filter>ヘッダー ファイル\engine\io</Filter>
    </ClInclude>
    <ClInclude Include="engine\scanner\Scanner.h">
      <Filter>ヘッダー ファイル\engine\scanner</Filter>
    </ClInclude>
    <ClInclude Include="engine\io\BaseLoader.h">
      <Filter>ヘッダー ファイル\engine\io</Filter>
    </ClInclude>
    <ClInclude Include="engine\io\AssetInfoLoader.h">
      <Filter>ヘッダー ファイル\engine\io</Filter>
    </ClInclude>
    <ClInclude Include="engine\CodeGenerator.h">
      <Filter>ソース ファイル\engine</Filter>
    </ClInclude>
  </ItemGroup>
</Project>