<?xml version="1.0" encoding="utf-8"?>
<Project ToolsVersion="4.0" xmlns="http://schemas.microsoft.com/developer/msbuild/2003">
  <ItemGroup>
    <Filter Include="ソース ファイル">
      <UniqueIdentifier>{4FC737F1-C7A5-4376-A066-2A32D752A2FF}</UniqueIdentifier>
      <Extensions>cpp;c;cc;cxx;c++;cppm;ixx;def;odl;idl;hpj;bat;asm;asmx</Extensions>
    </Filter>
    <Filter Include="ヘッダー ファイル">
      <UniqueIdentifier>{93995380-89BD-4b04-88EB-625FBE52EBFB}</UniqueIdentifier>
      <Extensions>h;hh;hpp;hxx;h++;hm;inl;inc;ipp;xsd</Extensions>
    </Filter>
    <Filter Include="リソース ファイル">
      <UniqueIdentifier>{67DA6AB6-F800-4c08-8B7A-83BB121AAD01}</UniqueIdentifier>
      <Extensions>rc;ico;cur;bmp;dlg;rc2;rct;bin;rgs;gif;jpg;jpeg;jpe;resx;tiff;tif;png;wav;mfcribbon-ms</Extensions>
    </Filter>
    <Filter Include="ソース ファイル\assetpipeline">
      <UniqueIdentifier>{bc96a297-5988-4762-86c3-a53f31a8343f}</UniqueIdentifier>
    </Filter>
    <Filter Include="ヘッダー ファイル\assetpipeline">
      <UniqueIdentifier>{622b36e6-c56a-4d82-a1d8-b456f7257377}</UniqueIdentifier>
    </Filter>
    <Filter Include="ソース ファイル\scanner">
      <UniqueIdentifier>{4aad378d-6914-4146-bd42-579c9e1d6f1b}</UniqueIdentifier>
    </Filter>
    <Filter Include="ヘッダー ファイル\scanner">
      <UniqueIdentifier>{1e01f44b-7981-4150-a3e7-646ede88a062}</UniqueIdentifier>
    </Filter>
    <Filter Include="ヘッダー ファイル\exporter">
      <UniqueIdentifier>{a19d6110-0a27-4188-9523-736474d01bea}</UniqueIdentifier>
    </Filter>
    <Filter Include="ソース ファイル\exporter">
      <UniqueIdentifier>{db1f4293-d361-4953-8ec5-e17134553877}</UniqueIdentifier>
    </Filter>
    <Filter Include="ヘッダー ファイル\generated">
      <UniqueIdentifier>{9b1ed82c-60d2-4143-86ef-f1710479e78e}</UniqueIdentifier>
    </Filter>
  </ItemGroup>
  <ItemGroup>
    <ClCompile Include="main.cpp">
      <Filter>ソース ファイル</Filter>
    </ClCompile>
    <ClCompile Include="engine\assetpipeline\AssetPipeline.cpp">
      <Filter>ソース ファイル\assetpipeline</Filter>
    </ClCompile>
    <ClCompile Include="engine\exporter\HeaderGenerator.cpp">
      <Filter>ソース ファイル\exporter</Filter>
    </ClCompile>
    <ClCompile Include="engine\exporter\JsonExporter.cpp">
      <Filter>ソース ファイル\exporter</Filter>
    </ClCompile>
    <ClCompile Include="engine\scanner\PathManager.cpp">
      <Filter>ソース ファイル\scanner</Filter>
    </ClCompile>
    <ClCompile Include="engine\scanner\Scanner.cpp">
      <Filter>ソース ファイル\scanner</Filter>
    </ClCompile>
    <ClCompile Include="engine\ResourceNode.cpp">
      <Filter>ソース ファイル</Filter>
    </ClCompile>
    <ClCompile Include="engine\ResourceMapper.cpp">
      <Filter>ソース ファイル</Filter>
    </ClCompile>
  </ItemGroup>
  <ItemGroup>
    <ClInclude Include="engine\math\LoadResourceID.h">
      <Filter>ヘッダー ファイル</Filter>
    </ClInclude>
    <ClInclude Include="engine\assetpipeline\AssetPipeline.h">
      <Filter>ヘッダー ファイル\assetpipeline</Filter>
    </ClInclude>
    <ClInclude Include="engine\exporter\HeaderGenerator.h">
      <Filter>ヘッダー ファイル\exporter</Filter>
    </ClInclude>
    <ClInclude Include="engine\exporter\JsonExporter.h">
      <Filter>ヘッダー ファイル\exporter</Filter>
    </ClInclude>
    <ClInclude Include="engine\scanner\PathManager.h">
      <Filter>ヘッダー ファイル\scanner</Filter>
    </ClInclude>
    <ClInclude Include="engine\generated\ResourceID.h">
      <Filter>ヘッダー ファイル\generated</Filter>
    </ClInclude>
    <ClInclude Include="engine\scanner\Scanner.h">
      <Filter>ヘッダー ファイル\scanner</Filter>
    </ClInclude>
    <ClInclude Include="engine\ResourceNode.h">
      <Filter>ソース ファイル</Filter>
    </ClInclude>
    <ClInclude Include="engine\ResourceMapper.h">
      <Filter>ソース ファイル</Filter>
    </ClInclude>
  </ItemGroup>
</Project>